// !$*UTF8*$!
{
	archiveVersion = 1;
	classes = {
	};
	objectVersion = 77;
	objects = {

/* Begin PBXContainerItemProxy section */
		881D224F2D5AE7CA00FBE100 /* PBXContainerItemProxy */ = {
			isa = PBXContainerItemProxy;
			containerPortal = 881D22362D5AE7C800FBE100 /* Project object */;
			proxyType = 1;
			remoteGlobalIDString = 881D223D2D5AE7C800FBE100;
			remoteInfo = "Reciprocity Failure Calculator";
		};
		881D22592D5AE7CA00FBE100 /* PBXContainerItemProxy */ = {
			isa = PBXContainerItemProxy;
			containerPortal = 881D22362D5AE7C800FBE100 /* Project object */;
			proxyType = 1;
			remoteGlobalIDString = 881D223D2D5AE7C800FBE100;
			remoteInfo = "Reciprocity Failure Calculator";
		};
/* End PBXContainerItemProxy section */

/* Begin PBXFileReference section */
		881D223E2D5AE7C800FBE100 /* Reciprocity Failure Calculator.app */ = {isa = PBXFileReference; explicitFileType = wrapper.application; includeInIndex = 0; path = "Reciprocity Failure Calculator.app"; sourceTree = BUILT_PRODUCTS_DIR; };
		881D224E2D5AE7CA00FBE100 /* Reciprocity Failure CalculatorTests.xctest */ = {isa = PBXFileReference; explicitFileType = wrapper.cfbundle; includeInIndex = 0; path = "Reciprocity Failure CalculatorTests.xctest"; sourceTree = BUILT_PRODUCTS_DIR; };
		881D22582D5AE7CA00FBE100 /* Reciprocity Failure CalculatorUITests.xctest */ = {isa = PBXFileReference; explicitFileType = wrapper.cfbundle; includeInIndex = 0; path = "Reciprocity Failure CalculatorUITests.xctest"; sourceTree = BUILT_PRODUCTS_DIR; };
/* End PBXFileReference section */

/* Begin PBXFileSystemSynchronizedRootGroup section */
		881D22402D5AE7C800FBE100 /* Reciprocity Failure Calculator */ = {
			isa = PBXFileSystemSynchronizedRootGroup;
			path = "Reciprocity Failure Calculator";
			sourceTree = "<group>";
		};
		881D22512D5AE7CA00FBE100 /* Reciprocity Failure CalculatorTests */ = {
			isa = PBXFileSystemSynchronizedRootGroup;
			path = "Reciprocity Failure CalculatorTests";
			sourceTree = "<group>";
		};
		881D225B2D5AE7CA00FBE100 /* Reciprocity Failure CalculatorUITests */ = {
			isa = PBXFileSystemSynchronizedRootGroup;
			path = "Reciprocity Failure CalculatorUITests";
			sourceTree = "<group>";
		};
/* End PBXFileSystemSynchronizedRootGroup section */

/* Begin PBXFrameworksBuildPhase section */
		881D223B2D5AE7C800FBE100 /* Frameworks */ = {
			isa = PBXFrameworksBuildPhase;
			buildActionMask = 2147483647;
			files = (
			);
			runOnlyForDeploymentPostprocessing = 0;
		};
		881D224B2D5AE7CA00FBE100 /* Frameworks */ = {
			isa = PBXFrameworksBuildPhase;
			buildActionMask = 2147483647;
			files = (
			);
			runOnlyForDeploymentPostprocessing = 0;
		};
		881D22552D5AE7CA00FBE100 /* Frameworks */ = {
			isa = PBXFrameworksBuildPhase;
			buildActionMask = 2147483647;
			files = (
			);
			runOnlyForDeploymentPostprocessing = 0;
		};
/* End PBXFrameworksBuildPhase section */

/* Begin PBXGroup section */
		881D22352D5AE7C800FBE100 = {
			isa = PBXGroup;
			children = (
				881D22402D5AE7C800FBE100 /* Reciprocity Failure Calculator */,
				881D22512D5AE7CA00FBE100 /* Reciprocity Failure CalculatorTests */,
				881D225B2D5AE7CA00FBE100 /* Reciprocity Failure CalculatorUITests */,
				881D223F2D5AE7C800FBE100 /* Products */,
			);
			sourceTree = "<group>";
		};
		881D223F2D5AE7C800FBE100 /* Products */ = {
			isa = PBXGroup;
			children = (
				881D223E2D5AE7C800FBE100 /* Reciprocity Failure Calculator.app */,
				881D224E2D5AE7CA00FBE100 /* Reciprocity Failure CalculatorTests.xctest */,
				881D22582D5AE7CA00FBE100 /* Reciprocity Failure CalculatorUITests.xctest */,
			);
			name = Products;
			sourceTree = "<group>";
		};
/* End PBXGroup section */

/* Begin PBXNativeTarget section */
		881D223D2D5AE7C800FBE100 /* Reciprocity Failure Calculator */ = {
			isa = PBXNativeTarget;
			buildConfigurationList = 881D22622D5AE7CA00FBE100 /* Build configuration list for PBXNativeTarget "Reciprocity Failure Calculator" */;
			buildPhases = (
				881D223A2D5AE7C800FBE100 /* Sources */,
				881D223B2D5AE7C800FBE100 /* Frameworks */,
				881D223C2D5AE7C800FBE100 /* Resources */,
			);
			buildRules = (
			);
			dependencies = (
			);
			fileSystemSynchronizedGroups = (
				881D22402D5AE7C800FBE100 /* Reciprocity Failure Calculator */,
			);
			name = "Reciprocity Failure Calculator";
			packageProductDependencies = (
			);
			productName = "Reciprocity Failure Calculator";
			productReference = 881D223E2D5AE7C800FBE100 /* Reciprocity Failure Calculator.app */;
			productType = "com.apple.product-type.application";
		};
		881D224D2D5AE7CA00FBE100 /* Reciprocity Failure CalculatorTests */ = {
			isa = PBXNativeTarget;
			buildConfigurationList = 881D22652D5AE7CA00FBE100 /* Build configuration list for PBXNativeTarget "Reciprocity Failure CalculatorTests" */;
			buildPhases = (
				881D224A2D5AE7CA00FBE100 /* Sources */,
				881D224B2D5AE7CA00FBE100 /* Frameworks */,
				881D224C2D5AE7CA00FBE100 /* Resources */,
			);
			buildRules = (
			);
			dependencies = (
				881D22502D5AE7CA00FBE100 /* PBXTargetDependency */,
			);
			fileSystemSynchronizedGroups = (
				881D22512D5AE7CA00FBE100 /* Reciprocity Failure CalculatorTests */,
			);
			name = "Reciprocity Failure CalculatorTests";
			packageProductDependencies = (
			);
			productName = "Reciprocity Failure CalculatorTests";
			productReference = 881D224E2D5AE7CA00FBE100 /* Reciprocity Failure CalculatorTests.xctest */;
			productType = "com.apple.product-type.bundle.unit-test";
		};
		881D22572D5AE7CA00FBE100 /* Reciprocity Failure CalculatorUITests */ = {
			isa = PBXNativeTarget;
			buildConfigurationList = 881D22682D5AE7CA00FBE100 /* Build configuration list for PBXNativeTarget "Reciprocity Failure CalculatorUITests" */;
			buildPhases = (
				881D22542D5AE7CA00FBE100 /* Sources */,
				881D22552D5AE7CA00FBE100 /* Frameworks */,
				881D22562D5AE7CA00FBE100 /* Resources */,
			);
			buildRules = (
			);
			dependencies = (
				881D225A2D5AE7CA00FBE100 /* PBXTargetDependency */,
			);
			fileSystemSynchronizedGroups = (
				881D225B2D5AE7CA00FBE100 /* Reciprocity Failure CalculatorUITests */,
			);
			name = "Reciprocity Failure CalculatorUITests";
			packageProductDependencies = (
			);
			productName = "Reciprocity Failure CalculatorUITests";
			productReference = 881D22582D5AE7CA00FBE100 /* Reciprocity Failure CalculatorUITests.xctest */;
			productType = "com.apple.product-type.bundle.ui-testing";
		};
/* End PBXNativeTarget section */

/* Begin PBXProject section */
		881D22362D5AE7C800FBE100 /* Project object */ = {
			isa = PBXProject;
			attributes = {
				BuildIndependentTargetsInParallel = 1;
				LastSwiftUpdateCheck = 1620;
				LastUpgradeCheck = 1620;
				TargetAttributes = {
					881D223D2D5AE7C800FBE100 = {
						CreatedOnToolsVersion = 16.2;
					};
					881D224D2D5AE7CA00FBE100 = {
						CreatedOnToolsVersion = 16.2;
						TestTargetID = 881D223D2D5AE7C800FBE100;
					};
					881D22572D5AE7CA00FBE100 = {
						CreatedOnToolsVersion = 16.2;
						TestTargetID = 881D223D2D5AE7C800FBE100;
					};
				};
			};
			buildConfigurationList = 881D22392D5AE7C800FBE100 /* Build configuration list for PBXProject "Reciprocity Failure Calculator" */;
			developmentRegion = en;
			hasScannedForEncodings = 0;
			knownRegions = (
				en,
				Base,
			);
			mainGroup = 881D22352D5AE7C800FBE100;
			minimizedProjectReferenceProxies = 1;
			preferredProjectObjectVersion = 77;
			productRefGroup = 881D223F2D5AE7C800FBE100 /* Products */;
			projectDirPath = "";
			projectRoot = "";
			targets = (
				881D223D2D5AE7C800FBE100 /* Reciprocity Failure Calculator */,
				881D224D2D5AE7CA00FBE100 /* Reciprocity Failure CalculatorTests */,
				881D22572D5AE7CA00FBE100 /* Reciprocity Failure CalculatorUITests */,
			);
		};
/* End PBXProject section */

/* Begin PBXResourcesBuildPhase section */
		881D223C2D5AE7C800FBE100 /* Resources */ = {
			isa = PBXResourcesBuildPhase;
			buildActionMask = 2147483647;
			files = (
			);
			runOnlyForDeploymentPostprocessing = 0;
		};
		881D224C2D5AE7CA00FBE100 /* Resources */ = {
			isa = PBXResourcesBuildPhase;
			buildActionMask = 2147483647;
			files = (
			);
			runOnlyForDeploymentPostprocessing = 0;
		};
		881D22562D5AE7CA00FBE100 /* Resources */ = {
			isa = PBXResourcesBuildPhase;
			buildActionMask = 2147483647;
			files = (
			);
			runOnlyForDeploymentPostprocessing = 0;
		};
/* End PBXResourcesBuildPhase section */

/* Begin PBXSourcesBuildPhase section */
		881D223A2D5AE7C800FBE100 /* Sources */ = {
			isa = PBXSourcesBuildPhase;
			buildActionMask = 2147483647;
			files = (
			);
			runOnlyForDeploymentPostprocessing = 0;
		};
		881D224A2D5AE7CA00FBE100 /* Sources */ = {
			isa = PBXSourcesBuildPhase;
			buildActionMask = 2147483647;
			files = (
			);
			runOnlyForDeploymentPostprocessing = 0;
		};
		881D22542D5AE7CA00FBE100 /* Sources */ = {
			isa = PBXSourcesBuildPhase;
			buildActionMask = 2147483647;
			files = (
			);
			runOnlyForDeploymentPostprocessing = 0;
		};
/* End PBXSourcesBuildPhase section */

/* Begin PBXTargetDependency section */
		881D22502D5AE7CA00FBE100 /* PBXTargetDependency */ = {
			isa = PBXTargetDependency;
			target = 881D223D2D5AE7C800FBE100 /* Reciprocity Failure Calculator */;
			targetProxy = 881D224F2D5AE7CA00FBE100 /* PBXContainerItemProxy */;
		};
		881D225A2D5AE7CA00FBE100 /* PBXTargetDependency */ = {
			isa = PBXTargetDependency;
			target = 881D223D2D5AE7C800FBE100 /* Reciprocity Failure Calculator */;
			targetProxy = 881D22592D5AE7CA00FBE100 /* PBXContainerItemProxy */;
		};
/* End PBXTargetDependency section */

/* Begin XCBuildConfiguration section */
		881D22602D5AE7CA00FBE100 /* Debug */ = {
			isa = XCBuildConfiguration;
			buildSettings = {
				ALWAYS_SEARCH_USER_PATHS = NO;
				ASSETCATALOG_COMPILER_GENERATE_SWIFT_ASSET_SYMBOL_EXTENSIONS = YES;
				CLANG_ANALYZER_NONNULL = YES;
				CLANG_ANALYZER_NUMBER_OBJECT_CONVERSION = YES_AGGRESSIVE;
				CLANG_CXX_LANGUAGE_STANDARD = "gnu++20";
				CLANG_ENABLE_MODULES = YES;
				CLANG_ENABLE_OBJC_ARC = YES;
				CLANG_ENABLE_OBJC_WEAK = YES;
				CLANG_WARN_BLOCK_CAPTURE_AUTORELEASING = YES;
				CLANG_WARN_BOOL_CONVERSION = YES;
				CLANG_WARN_COMMA = YES;
				CLANG_WARN_CONSTANT_CONVERSION = YES;
				CLANG_WARN_DEPRECATED_OBJC_IMPLEMENTATIONS = YES;
				CLANG_WARN_DIRECT_OBJC_ISA_USAGE = YES_ERROR;
				CLANG_WARN_DOCUMENTATION_COMMENTS = YES;
				CLANG_WARN_EMPTY_BODY = YES;
				CLANG_WARN_ENUM_CONVERSION = YES;
				CLANG_WARN_INFINITE_RECURSION = YES;
				CLANG_WARN_INT_CONVERSION = YES;
				CLANG_WARN_NON_LITERAL_NULL_CONVERSION = YES;
				CLANG_WARN_OBJC_IMPLICIT_RETAIN_SELF = YES;
				CLANG_WARN_OBJC_LITERAL_CONVERSION = YES;
				CLANG_WARN_OBJC_ROOT_CLASS = YES_ERROR;
				CLANG_WARN_QUOTED_INCLUDE_IN_FRAMEWORK_HEADER = YES;
				CLANG_WARN_RANGE_LOOP_ANALYSIS = YES;
				CLANG_WARN_STRICT_PROTOTYPES = YES;
				CLANG_WARN_SUSPICIOUS_MOVE = YES;
				CLANG_WARN_UNGUARDED_AVAILABILITY = YES_AGGRESSIVE;
				CLANG_WARN_UNREACHABLE_CODE = YES;
				CLANG_WARN__DUPLICATE_METHOD_MATCH = YES;
				COPY_PHASE_STRIP = NO;
				DEBUG_INFORMATION_FORMAT = dwarf;
				ENABLE_STRICT_OBJC_MSGSEND = YES;
				ENABLE_TESTABILITY = YES;
				ENABLE_USER_SCRIPT_SANDBOXING = YES;
				GCC_C_LANGUAGE_STANDARD = gnu17;
				GCC_DYNAMIC_NO_PIC = NO;
				GCC_NO_COMMON_BLOCKS = YES;
				GCC_OPTIMIZATION_LEVEL = 0;
				GCC_PREPROCESSOR_DEFINITIONS = (
					"DEBUG=1",
					"$(inherited)",
				);
				GCC_WARN_64_TO_32_BIT_CONVERSION = YES;
				GCC_WARN_ABOUT_RETURN_TYPE = YES_ERROR;
				GCC_WARN_UNDECLARED_SELECTOR = YES;
				GCC_WARN_UNINITIALIZED_AUTOS = YES_AGGRESSIVE;
				GCC_WARN_UNUSED_FUNCTION = YES;
				GCC_WARN_UNUSED_VARIABLE = YES;
				IPHONEOS_DEPLOYMENT_TARGET = 18.2;
				LOCALIZATION_PREFERS_STRING_CATALOGS = YES;
				MTL_ENABLE_DEBUG_INFO = INCLUDE_SOURCE;
				MTL_FAST_MATH = YES;
				ONLY_ACTIVE_ARCH = YES;
				SDKROOT = iphoneos;
				SWIFT_ACTIVE_COMPILATION_CONDITIONS = "DEBUG $(inherited)";
				SWIFT_OPTIMIZATION_LEVEL = "-Onone";
			};
			name = Debug;
		};
		881D22612D5AE7CA00FBE100 /* Release */ = {
			isa = XCBuildConfiguration;
			buildSettings = {
				ALWAYS_SEARCH_USER_PATHS = NO;
				ASSETCATALOG_COMPILER_GENERATE_SWIFT_ASSET_SYMBOL_EXTENSIONS = YES;
				CLANG_ANALYZER_NONNULL = YES;
				CLANG_ANALYZER_NUMBER_OBJECT_CONVERSION = YES_AGGRESSIVE;
				CLANG_CXX_LANGUAGE_STANDARD = "gnu++20";
				CLANG_ENABLE_MODULES = YES;
				CLANG_ENABLE_OBJC_ARC = YES;
				CLANG_ENABLE_OBJC_WEAK = YES;
				CLANG_WARN_BLOCK_CAPTURE_AUTORELEASING = YES;
				CLANG_WARN_BOOL_CONVERSION = YES;
				CLANG_WARN_COMMA = YES;
				CLANG_WARN_CONSTANT_CONVERSION = YES;
				CLANG_WARN_DEPRECATED_OBJC_IMPLEMENTATIONS = YES;
				CLANG_WARN_DIRECT_OBJC_ISA_USAGE = YES_ERROR;
				CLANG_WARN_DOCUMENTATION_COMMENTS = YES;
				CLANG_WARN_EMPTY_BODY = YES;
				CLANG_WARN_ENUM_CONVERSION = YES;
				CLANG_WARN_INFINITE_RECURSION = YES;
				CLANG_WARN_INT_CONVERSION = YES;
				CLANG_WARN_NON_LITERAL_NULL_CONVERSION = YES;
				CLANG_WARN_OBJC_IMPLICIT_RETAIN_SELF = YES;
				CLANG_WARN_OBJC_LITERAL_CONVERSION = YES;
				CLANG_WARN_OBJC_ROOT_CLASS = YES_ERROR;
				CLANG_WARN_QUOTED_INCLUDE_IN_FRAMEWORK_HEADER = YES;
				CLANG_WARN_RANGE_LOOP_ANALYSIS = YES;
				CLANG_WARN_STRICT_PROTOTYPES = YES;
				CLANG_WARN_SUSPICIOUS_MOVE = YES;
				CLANG_WARN_UNGUARDED_AVAILABILITY = YES_AGGRESSIVE;
				CLANG_WARN_UNREACHABLE_CODE = YES;
				CLANG_WARN__DUPLICATE_METHOD_MATCH = YES;
				COPY_PHASE_STRIP = NO;
				DEBUG_INFORMATION_FORMAT = "dwarf-with-dsym";
				ENABLE_NS_ASSERTIONS = NO;
				ENABLE_STRICT_OBJC_MSGSEND = YES;
				ENABLE_USER_SCRIPT_SANDBOXING = YES;
				GCC_C_LANGUAGE_STANDARD = gnu17;
				GCC_NO_COMMON_BLOCKS = YES;
				GCC_WARN_64_TO_32_BIT_CONVERSION = YES;
				GCC_WARN_ABOUT_RETURN_TYPE = YES_ERROR;
				GCC_WARN_UNDECLARED_SELECTOR = YES;
				GCC_WARN_UNINITIALIZED_AUTOS = YES_AGGRESSIVE;
				GCC_WARN_UNUSED_FUNCTION = YES;
				GCC_WARN_UNUSED_VARIABLE = YES;
				IPHONEOS_DEPLOYMENT_TARGET = 18.2;
				LOCALIZATION_PREFERS_STRING_CATALOGS = YES;
				MTL_ENABLE_DEBUG_INFO = NO;
				MTL_FAST_MATH = YES;
				SDKROOT = iphoneos;
				SWIFT_COMPILATION_MODE = wholemodule;
				VALIDATE_PRODUCT = YES;
			};
			name = Release;
		};
		881D22632D5AE7CA00FBE100 /* Debug */ = {
			isa = XCBuildConfiguration;
			buildSettings = {
				ASSETCATALOG_COMPILER_APPICON_NAME = AppIcon;
				ASSETCATALOG_COMPILER_GLOBAL_ACCENT_COLOR_NAME = AccentColor;
				CODE_SIGN_STYLE = Automatic;
				CURRENT_PROJECT_VERSION = 1;
				DEVELOPMENT_ASSET_PATHS = "\"Reciprocity Failure Calculator/Preview Content\"";
				ENABLE_PREVIEWS = YES;
				GENERATE_INFOPLIST_FILE = YES;
				INFOPLIST_KEY_UIApplicationSceneManifest_Generation = YES;
				INFOPLIST_KEY_UIApplicationSupportsIndirectInputEvents = YES;
				INFOPLIST_KEY_UILaunchScreen_Generation = YES;
				INFOPLIST_KEY_UISupportedInterfaceOrientations_iPad = "UIInterfaceOrientationPortrait UIInterfaceOrientationPortraitUpsideDown UIInterfaceOrientationLandscapeLeft UIInterfaceOrientationLandscapeRight";
				INFOPLIST_KEY_UISupportedInterfaceOrientations_iPhone = "UIInterfaceOrientationPortrait UIInterfaceOrientationLandscapeLeft UIInterfaceOrientationLandscapeRight";
				LD_RUNPATH_SEARCH_PATHS = (
					"$(inherited)",
					"@executable_path/Frameworks",
				);
				MARKETING_VERSION = 1.0;
				PRODUCT_BUNDLE_IDENTIFIER = "https---github.com-bakermoran.Reciprocity-Failure-Calculator";
				PRODUCT_NAME = "$(TARGET_NAME)";
				SWIFT_EMIT_LOC_STRINGS = YES;
				SWIFT_VERSION = 5.0;
				TARGETED_DEVICE_FAMILY = "1,2";
			};
			name = Debug;
		};
		881D22642D5AE7CA00FBE100 /* Release */ = {
			isa = XCBuildConfiguration;
			buildSettings = {
				ASSETCATALOG_COMPILER_APPICON_NAME = AppIcon;
				ASSETCATALOG_COMPILER_GLOBAL_ACCENT_COLOR_NAME = AccentColor;
				CODE_SIGN_STYLE = Automatic;
				CURRENT_PROJECT_VERSION = 1;
				DEVELOPMENT_ASSET_PATHS = "\"Reciprocity Failure Calculator/Preview Content\"";
				ENABLE_PREVIEWS = YES;
				GENERATE_INFOPLIST_FILE = YES;
				INFOPLIST_KEY_UIApplicationSceneManifest_Generation = YES;
				INFOPLIST_KEY_UIApplicationSupportsIndirectInputEvents = YES;
				INFOPLIST_KEY_UILaunchScreen_Generation = YES;
				INFOPLIST_KEY_UISupportedInterfaceOrientations_iPad = "UIInterfaceOrientationPortrait UIInterfaceOrientationPortraitUpsideDown UIInterfaceOrientationLandscapeLeft UIInterfaceOrientationLandscapeRight";
				INFOPLIST_KEY_UISupportedInterfaceOrientations_iPhone = "UIInterfaceOrientationPortrait UIInterfaceOrientationLandscapeLeft UIInterfaceOrientationLandscapeRight";
				LD_RUNPATH_SEARCH_PATHS = (
					"$(inherited)",
					"@executable_path/Frameworks",
				);
				MARKETING_VERSION = 1.0;
				PRODUCT_BUNDLE_IDENTIFIER = "https---github.com-bakermoran.Reciprocity-Failure-Calculator";
				PRODUCT_NAME = "$(TARGET_NAME)";
				SWIFT_EMIT_LOC_STRINGS = YES;
				SWIFT_VERSION = 5.0;
				TARGETED_DEVICE_FAMILY = "1,2";
			};
			name = Release;
		};
		881D22662D5AE7CA00FBE100 /* Debug */ = {
			isa = XCBuildConfiguration;
			buildSettings = {
				BUNDLE_LOADER = "$(TEST_HOST)";
				CODE_SIGN_STYLE = Automatic;
				CURRENT_PROJECT_VERSION = 1;
				GENERATE_INFOPLIST_FILE = YES;
				IPHONEOS_DEPLOYMENT_TARGET = 18.2;
				MARKETING_VERSION = 1.0;
				PRODUCT_BUNDLE_IDENTIFIER = "https---github.com-bakermoran.Reciprocity-Failure-CalculatorTests";
				PRODUCT_NAME = "$(TARGET_NAME)";
				SWIFT_EMIT_LOC_STRINGS = NO;
				SWIFT_VERSION = 5.0;
				TARGETED_DEVICE_FAMILY = "1,2";
				TEST_HOST = "$(BUILT_PRODUCTS_DIR)/Reciprocity Failure Calculator.app/$(BUNDLE_EXECUTABLE_FOLDER_PATH)/Reciprocity Failure Calculator";
			};
			name = Debug;
		};
		881D22672D5AE7CA00FBE100 /* Release */ = {
			isa = XCBuildConfiguration;
			buildSettings = {
				BUNDLE_LOADER = "$(TEST_HOST)";
				CODE_SIGN_STYLE = Automatic;
				CURRENT_PROJECT_VERSION = 1;
				GENERATE_INFOPLIST_FILE = YES;
				IPHONEOS_DEPLOYMENT_TARGET = 18.2;
				MARKETING_VERSION = 1.0;
				PRODUCT_BUNDLE_IDENTIFIER = "https---github.com-bakermoran.Reciprocity-Failure-CalculatorTests";
				PRODUCT_NAME = "$(TARGET_NAME)";
				SWIFT_EMIT_LOC_STRINGS = NO;
				SWIFT_VERSION = 5.0;
				TARGETED_DEVICE_FAMILY = "1,2";
				TEST_HOST = "$(BUILT_PRODUCTS_DIR)/Reciprocity Failure Calculator.app/$(BUNDLE_EXECUTABLE_FOLDER_PATH)/Reciprocity Failure Calculator";
			};
			name = Release;
		};
		881D22692D5AE7CA00FBE100 /* Debug */ = {
			isa = XCBuildConfiguration;
			buildSettings = {
				CODE_SIGN_STYLE = Automatic;
				CURRENT_PROJECT_VERSION = 1;
				GENERATE_INFOPLIST_FILE = YES;
				MARKETING_VERSION = 1.0;
				PRODUCT_BUNDLE_IDENTIFIER = "https---github.com-bakermoran.Reciprocity-Failure-CalculatorUITests";
				PRODUCT_NAME = "$(TARGET_NAME)";
				SWIFT_EMIT_LOC_STRINGS = NO;
				SWIFT_VERSION = 5.0;
				TARGETED_DEVICE_FAMILY = "1,2";
				TEST_TARGET_NAME = "Reciprocity Failure Calculator";
			};
			name = Debug;
		};
		881D226A2D5AE7CA00FBE100 /* Release */ = {
			isa = XCBuildConfiguration;
			buildSettings = {
				CODE_SIGN_STYLE = Automatic;
				CURRENT_PROJECT_VERSION = 1;
				GENERATE_INFOPLIST_FILE = YES;
				MARKETING_VERSION = 1.0;
				PRODUCT_BUNDLE_IDENTIFIER = "https---github.com-bakermoran.Reciprocity-Failure-CalculatorUITests";
				PRODUCT_NAME = "$(TARGET_NAME)";
				SWIFT_EMIT_LOC_STRINGS = NO;
				SWIFT_VERSION = 5.0;
				TARGETED_DEVICE_FAMILY = "1,2";
				TEST_TARGET_NAME = "Reciprocity Failure Calculator";
			};
			name = Release;
		};
/* End XCBuildConfiguration section */

/* Begin XCConfigurationList section */
		881D22392D5AE7C800FBE100 /* Build configuration list for PBXProject "Reciprocity Failure Calculator" */ = {
			isa = XCConfigurationList;
			buildConfigurations = (
				881D22602D5AE7CA00FBE100 /* Debug */,
				881D22612D5AE7CA00FBE100 /* Release */,
			);
			defaultConfigurationIsVisible = 0;
			defaultConfigurationName = Release;
		};
		881D22622D5AE7CA00FBE100 /* Build configuration list for PBXNativeTarget "Reciprocity Failure Calculator" */ = {
			isa = XCConfigurationList;
			buildConfigurations = (
				881D22632D5AE7CA00FBE100 /* Debug */,
				881D22642D5AE7CA00FBE100 /* Release */,
			);
			defaultConfigurationIsVisible = 0;
			defaultConfigurationName = Release;
		};
		881D22652D5AE7CA00FBE100 /* Build configuration list for PBXNativeTarget "Reciprocity Failure CalculatorTests" */ = {
			isa = XCConfigurationList;
			buildConfigurations = (
				881D22662D5AE7CA00FBE100 /* Debug */,
				881D22672D5AE7CA00FBE100 /* Release */,
			);
			defaultConfigurationIsVisible = 0;
			defaultConfigurationName = Release;
		};
		881D22682D5AE7CA00FBE100 /* Build configuration list for PBXNativeTarget "Reciprocity Failure CalculatorUITests" */ = {
			isa = XCConfigurationList;
			buildConfigurations = (
				881D22692D5AE7CA00FBE100 /* Debug */,
				881D226A2D5AE7CA00FBE100 /* Release */,
			);
			defaultConfigurationIsVisible = 0;
			defaultConfigurationName = Release;
		};
/* End XCConfigurationList section */
	};
	rootObject = 881D22362D5AE7C800FBE100 /* Project object */;
}
